// !$*UTF8*$!
{
	archiveVersion = 1;
	classes = {
	};
	objectVersion = 56;
	objects = {

/* Begin PBXBuildFile section */
		AFC528B329A6561000803477 /* ListyApp.swift in Sources */ = {isa = PBXBuildFile; fileRef = AFC528B229A6561000803477 /* ListyApp.swift */; };
		AFC528B529A6561000803477 /* ContentView.swift in Sources */ = {isa = PBXBuildFile; fileRef = AFC528B429A6561000803477 /* ContentView.swift */; };
		AFC528B729A6561100803477 /* Assets.xcassets in Resources */ = {isa = PBXBuildFile; fileRef = AFC528B629A6561100803477 /* Assets.xcassets */; };
		AFC528BA29A6561100803477 /* Preview Assets.xcassets in Resources */ = {isa = PBXBuildFile; fileRef = AFC528B929A6561100803477 /* Preview Assets.xcassets */; };
		AFC528C429A6561100803477 /* ListyTests.swift in Sources */ = {isa = PBXBuildFile; fileRef = AFC528C329A6561100803477 /* ListyTests.swift */; };
		AFC528CE29A6561100803477 /* ListyUITests.swift in Sources */ = {isa = PBXBuildFile; fileRef = AFC528CD29A6561100803477 /* ListyUITests.swift */; };
		AFC528D029A6561100803477 /* ListyUITestsLaunchTests.swift in Sources */ = {isa = PBXBuildFile; fileRef = AFC528CF29A6561100803477 /* ListyUITestsLaunchTests.swift */; };
/* End PBXBuildFile section */

/* Begin PBXContainerItemProxy section */
		AFC528C029A6561100803477 /* PBXContainerItemProxy */ = {
			isa = PBXContainerItemProxy;
			containerPortal = AFC528A729A6561000803477 /* Project object */;
			proxyType = 1;
			remoteGlobalIDString = AFC528AE29A6561000803477;
			remoteInfo = Listy;
		};
		AFC528CA29A6561100803477 /* PBXContainerItemProxy */ = {
			isa = PBXContainerItemProxy;
			containerPortal = AFC528A729A6561000803477 /* Project object */;
			proxyType = 1;
			remoteGlobalIDString = AFC528AE29A6561000803477;
			remoteInfo = Listy;
		};
/* End PBXContainerItemProxy section */

/* Begin PBXFileReference section */
		AFC528AF29A6561000803477 /* Listy.app */ = {isa = PBXFileReference; explicitFileType = wrapper.application; includeInIndex = 0; path = Listy.app; sourceTree = BUILT_PRODUCTS_DIR; };
		AFC528B229A6561000803477 /* ListyApp.swift */ = {isa = PBXFileReference; lastKnownFileType = sourcecode.swift; path = ListyApp.swift; sourceTree = "<group>"; };
		AFC528B429A6561000803477 /* ContentView.swift */ = {isa = PBXFileReference; lastKnownFileType = sourcecode.swift; path = ContentView.swift; sourceTree = "<group>"; };
		AFC528B629A6561100803477 /* Assets.xcassets */ = {isa = PBXFileReference; lastKnownFileType = folder.assetcatalog; path = Assets.xcassets; sourceTree = "<group>"; };
		AFC528B929A6561100803477 /* Preview Assets.xcassets */ = {isa = PBXFileReference; lastKnownFileType = folder.assetcatalog; path = "Preview Assets.xcassets"; sourceTree = "<group>"; };
		AFC528BF29A6561100803477 /* ListyTests.xctest */ = {isa = PBXFileReference; explicitFileType = wrapper.cfbundle; includeInIndex = 0; path = ListyTests.xctest; sourceTree = BUILT_PRODUCTS_DIR; };
		AFC528C329A6561100803477 /* ListyTests.swift */ = {isa = PBXFileReference; lastKnownFileType = sourcecode.swift; path = ListyTests.swift; sourceTree = "<group>"; };
		AFC528C929A6561100803477 /* ListyUITests.xctest */ = {isa = PBXFileReference; explicitFileType = wrapper.cfbundle; includeInIndex = 0; path = ListyUITests.xctest; sourceTree = BUILT_PRODUCTS_DIR; };
		AFC528CD29A6561100803477 /* ListyUITests.swift */ = {isa = PBXFileReference; lastKnownFileType = sourcecode.swift; path = ListyUITests.swift; sourceTree = "<group>"; };
		AFC528CF29A6561100803477 /* ListyUITestsLaunchTests.swift */ = {isa = PBXFileReference; lastKnownFileType = sourcecode.swift; path = ListyUITestsLaunchTests.swift; sourceTree = "<group>"; };
/* End PBXFileReference section */

/* Begin PBXFrameworksBuildPhase section */
		AFC528AC29A6561000803477 /* Frameworks */ = {
			isa = PBXFrameworksBuildPhase;
			buildActionMask = 2147483647;
			files = (
			);
			runOnlyForDeploymentPostprocessing = 0;
		};
		AFC528BC29A6561100803477 /* Frameworks */ = {
			isa = PBXFrameworksBuildPhase;
			buildActionMask = 2147483647;
			files = (
			);
			runOnlyForDeploymentPostprocessing = 0;
		};
		AFC528C629A6561100803477 /* Frameworks */ = {
			isa = PBXFrameworksBuildPhase;
			buildActionMask = 2147483647;
			files = (
			);
			runOnlyForDeploymentPostprocessing = 0;
		};
/* End PBXFrameworksBuildPhase section */

/* Begin PBXGroup section */
		AFC528A629A6561000803477 = {
			isa = PBXGroup;
			children = (
				AFC528B129A6561000803477 /* Listy */,
				AFC528C229A6561100803477 /* ListyTests */,
				AFC528CC29A6561100803477 /* ListyUITests */,
				AFC528B029A6561000803477 /* Products */,
			);
			sourceTree = "<group>";
		};
		AFC528B029A6561000803477 /* Products */ = {
			isa = PBXGroup;
			children = (
				AFC528AF29A6561000803477 /* Listy.app */,
				AFC528BF29A6561100803477 /* ListyTests.xctest */,
				AFC528C929A6561100803477 /* ListyUITests.xctest */,
			);
			name = Products;
			sourceTree = "<group>";
		};
		AFC528B129A6561000803477 /* Listy */ = {
			isa = PBXGroup;
			children = (
				AFC528B229A6561000803477 /* ListyApp.swift */,
				AFC528B429A6561000803477 /* ContentView.swift */,
				AFC528B629A6561100803477 /* Assets.xcassets */,
				AFC528B829A6561100803477 /* Preview Content */,
			);
			path = Listy;
			sourceTree = "<group>";
		};
		AFC528B829A6561100803477 /* Preview Content */ = {
			isa = PBXGroup;
			children = (
				AFC528B929A6561100803477 /* Preview Assets.xcassets */,
			);
			path = "Preview Content";
			sourceTree = "<group>";
		};
		AFC528C229A6561100803477 /* ListyTests */ = {
			isa = PBXGroup;
			children = (
				AFC528C329A6561100803477 /* ListyTests.swift */,
			);
			path = ListyTests;
			sourceTree = "<group>";
		};
		AFC528CC29A6561100803477 /* ListyUITests */ = {
			isa = PBXGroup;
			children = (
				AFC528CD29A6561100803477 /* ListyUITests.swift */,
				AFC528CF29A6561100803477 /* ListyUITestsLaunchTests.swift */,
			);
			path = ListyUITests;
			sourceTree = "<group>";
		};
/* End PBXGroup section */

/* Begin PBXNativeTarget section */
		AFC528AE29A6561000803477 /* Listy */ = {
			isa = PBXNativeTarget;
			buildConfigurationList = AFC528D329A6561100803477 /* Build configuration list for PBXNativeTarget "Listy" */;
			buildPhases = (
				AFC528AB29A6561000803477 /* Sources */,
				AFC528AC29A6561000803477 /* Frameworks */,
				AFC528AD29A6561000803477 /* Resources */,
			);
			buildRules = (
			);
			dependencies = (
			);
			name = Listy;
			productName = Listy;
			productReference = AFC528AF29A6561000803477 /* Listy.app */;
			productType = "com.apple.product-type.application";
		};
		AFC528BE29A6561100803477 /* ListyTests */ = {
			isa = PBXNativeTarget;
			buildConfigurationList = AFC528D629A6561100803477 /* Build configuration list for PBXNativeTarget "ListyTests" */;
			buildPhases = (
				AFC528BB29A6561100803477 /* Sources */,
				AFC528BC29A6561100803477 /* Frameworks */,
				AFC528BD29A6561100803477 /* Resources */,
			);
			buildRules = (
			);
			dependencies = (
				AFC528C129A6561100803477 /* PBXTargetDependency */,
			);
			name = ListyTests;
			productName = ListyTests;
			productReference = AFC528BF29A6561100803477 /* ListyTests.xctest */;
			productType = "com.apple.product-type.bundle.unit-test";
		};
		AFC528C829A6561100803477 /* ListyUITests */ = {
			isa = PBXNativeTarget;
			buildConfigurationList = AFC528D929A6561100803477 /* Build configuration list for PBXNativeTarget "ListyUITests" */;
			buildPhases = (
				AFC528C529A6561100803477 /* Sources */,
				AFC528C629A6561100803477 /* Frameworks */,
				AFC528C729A6561100803477 /* Resources */,
			);
			buildRules = (
			);
			dependencies = (
				AFC528CB29A6561100803477 /* PBXTargetDependency */,
			);
			name = ListyUITests;
			productName = ListyUITests;
			productReference = AFC528C929A6561100803477 /* ListyUITests.xctest */;
			productType = "com.apple.product-type.bundle.ui-testing";
		};
/* End PBXNativeTarget section */

/* Begin PBXProject section */
		AFC528A729A6561000803477 /* Project object */ = {
			isa = PBXProject;
			attributes = {
				BuildIndependentTargetsInParallel = 1;
				LastSwiftUpdateCheck = 1420;
				LastUpgradeCheck = 1420;
				TargetAttributes = {
					AFC528AE29A6561000803477 = {
						CreatedOnToolsVersion = 14.2;
					};
					AFC528BE29A6561100803477 = {
						CreatedOnToolsVersion = 14.2;
						TestTargetID = AFC528AE29A6561000803477;
					};
					AFC528C829A6561100803477 = {
						CreatedOnToolsVersion = 14.2;
						TestTargetID = AFC528AE29A6561000803477;
					};
				};
			};
			buildConfigurationList = AFC528AA29A6561000803477 /* Build configuration list for PBXProject "Listy" */;
			compatibilityVersion = "Xcode 14.0";
			developmentRegion = en;
			hasScannedForEncodings = 0;
			knownRegions = (
				en,
				Base,
			);
			mainGroup = AFC528A629A6561000803477;
			productRefGroup = AFC528B029A6561000803477 /* Products */;
			projectDirPath = "";
			projectRoot = "";
			targets = (
				AFC528AE29A6561000803477 /* Listy */,
				AFC528BE29A6561100803477 /* ListyTests */,
				AFC528C829A6561100803477 /* ListyUITests */,
			);
		};
/* End PBXProject section */

/* Begin PBXResourcesBuildPhase section */
		AFC528AD29A6561000803477 /* Resources */ = {
			isa = PBXResourcesBuildPhase;
			buildActionMask = 2147483647;
			files = (
				AFC528BA29A6561100803477 /* Preview Assets.xcassets in Resources */,
				AFC528B729A6561100803477 /* Assets.xcassets in Resources */,
			);
			runOnlyForDeploymentPostprocessing = 0;
		};
		AFC528BD29A6561100803477 /* Resources */ = {
			isa = PBXResourcesBuildPhase;
			buildActionMask = 2147483647;
			files = (
			);
			runOnlyForDeploymentPostprocessing = 0;
		};
		AFC528C729A6561100803477 /* Resources */ = {
			isa = PBXResourcesBuildPhase;
			buildActionMask = 2147483647;
			files = (
			);
			runOnlyForDeploymentPostprocessing = 0;
		};
/* End PBXResourcesBuildPhase section */

/* Begin PBXSourcesBuildPhase section */
		AFC528AB29A6561000803477 /* Sources */ = {
			isa = PBXSourcesBuildPhase;
			buildActionMask = 2147483647;
			files = (
				AFC528B529A6561000803477 /* ContentView.swift in Sources */,
				AFC528B329A6561000803477 /* ListyApp.swift in Sources */,
			);
			runOnlyForDeploymentPostprocessing = 0;
		};
		AFC528BB29A6561100803477 /* Sources */ = {
			isa = PBXSourcesBuildPhase;
			buildActionMask = 2147483647;
			files = (
				AFC528C429A6561100803477 /* ListyTests.swift in Sources */,
			);
			runOnlyForDeploymentPostprocessing = 0;
		};
		AFC528C529A6561100803477 /* Sources */ = {
			isa = PBXSourcesBuildPhase;
			buildActionMask = 2147483647;
			files = (
				AFC528D029A6561100803477 /* ListyUITestsLaunchTests.swift in Sources */,
				AFC528CE29A6561100803477 /* ListyUITests.swift in Sources */,
			);
			runOnlyForDeploymentPostprocessing = 0;
		};
/* End PBXSourcesBuildPhase section */

/* Begin PBXTargetDependency section */
		AFC528C129A6561100803477 /* PBXTargetDependency */ = {
			isa = PBXTargetDependency;
			target = AFC528AE29A6561000803477 /* Listy */;
			targetProxy = AFC528C029A6561100803477 /* PBXContainerItemProxy */;
		};
		AFC528CB29A6561100803477 /* PBXTargetDependency */ = {
			isa = PBXTargetDependency;
			target = AFC528AE29A6561000803477 /* Listy */;
			targetProxy = AFC528CA29A6561100803477 /* PBXContainerItemProxy */;
		};
/* End PBXTargetDependency section */

/* Begin XCBuildConfiguration section */
		AFC528D129A6561100803477 /* Debug */ = {
			isa = XCBuildConfiguration;
			buildSettings = {
				ALWAYS_SEARCH_USER_PATHS = NO;
				CLANG_ANALYZER_NONNULL = YES;
				CLANG_ANALYZER_NUMBER_OBJECT_CONVERSION = YES_AGGRESSIVE;
				CLANG_CXX_LANGUAGE_STANDARD = "gnu++20";
				CLANG_ENABLE_MODULES = YES;
				CLANG_ENABLE_OBJC_ARC = YES;
				CLANG_ENABLE_OBJC_WEAK = YES;
				CLANG_WARN_BLOCK_CAPTURE_AUTORELEASING = YES;
				CLANG_WARN_BOOL_CONVERSION = YES;
				CLANG_WARN_COMMA = YES;
				CLANG_WARN_CONSTANT_CONVERSION = YES;
				CLANG_WARN_DEPRECATED_OBJC_IMPLEMENTATIONS = YES;
				CLANG_WARN_DIRECT_OBJC_ISA_USAGE = YES_ERROR;
				CLANG_WARN_DOCUMENTATION_COMMENTS = YES;
				CLANG_WARN_EMPTY_BODY = YES;
				CLANG_WARN_ENUM_CONVERSION = YES;
				CLANG_WARN_INFINITE_RECURSION = YES;
				CLANG_WARN_INT_CONVERSION = YES;
				CLANG_WARN_NON_LITERAL_NULL_CONVERSION = YES;
				CLANG_WARN_OBJC_IMPLICIT_RETAIN_SELF = YES;
				CLANG_WARN_OBJC_LITERAL_CONVERSION = YES;
				CLANG_WARN_OBJC_ROOT_CLASS = YES_ERROR;
				CLANG_WARN_QUOTED_INCLUDE_IN_FRAMEWORK_HEADER = YES;
				CLANG_WARN_RANGE_LOOP_ANALYSIS = YES;
				CLANG_WARN_STRICT_PROTOTYPES = YES;
				CLANG_WARN_SUSPICIOUS_MOVE = YES;
				CLANG_WARN_UNGUARDED_AVAILABILITY = YES_AGGRESSIVE;
				CLANG_WARN_UNREACHABLE_CODE = YES;
				CLANG_WARN__DUPLICATE_METHOD_MATCH = YES;
				COPY_PHASE_STRIP = NO;
				DEBUG_INFORMATION_FORMAT = dwarf;
				ENABLE_STRICT_OBJC_MSGSEND = YES;
				ENABLE_TESTABILITY = YES;
				GCC_C_LANGUAGE_STANDARD = gnu11;
				GCC_DYNAMIC_NO_PIC = NO;
				GCC_NO_COMMON_BLOCKS = YES;
				GCC_OPTIMIZATION_LEVEL = 0;
				GCC_PREPROCESSOR_DEFINITIONS = (
					"DEBUG=1",
					"$(inherited)",
				);
				GCC_WARN_64_TO_32_BIT_CONVERSION = YES;
				GCC_WARN_ABOUT_RETURN_TYPE = YES_ERROR;
				GCC_WARN_UNDECLARED_SELECTOR = YES;
				GCC_WARN_UNINITIALIZED_AUTOS = YES_AGGRESSIVE;
				GCC_WARN_UNUSED_FUNCTION = YES;
				GCC_WARN_UNUSED_VARIABLE = YES;
				IPHONEOS_DEPLOYMENT_TARGET = 16.2;
				MTL_ENABLE_DEBUG_INFO = INCLUDE_SOURCE;
				MTL_FAST_MATH = YES;
				ONLY_ACTIVE_ARCH = YES;
				SDKROOT = iphoneos;
				SWIFT_ACTIVE_COMPILATION_CONDITIONS = DEBUG;
				SWIFT_OPTIMIZATION_LEVEL = "-Onone";
			};
			name = Debug;
		};
		AFC528D229A6561100803477 /* Release */ = {
			isa = XCBuildConfiguration;
			buildSettings = {
				ALWAYS_SEARCH_USER_PATHS = NO;
				CLANG_ANALYZER_NONNULL = YES;
				CLANG_ANALYZER_NUMBER_OBJECT_CONVERSION = YES_AGGRESSIVE;
				CLANG_CXX_LANGUAGE_STANDARD = "gnu++20";
				CLANG_ENABLE_MODULES = YES;
				CLANG_ENABLE_OBJC_ARC = YES;
				CLANG_ENABLE_OBJC_WEAK = YES;
				CLANG_WARN_BLOCK_CAPTURE_AUTORELEASING = YES;
				CLANG_WARN_BOOL_CONVERSION = YES;
				CLANG_WARN_COMMA = YES;
				CLANG_WARN_CONSTANT_CONVERSION = YES;
				CLANG_WARN_DEPRECATED_OBJC_IMPLEMENTATIONS = YES;
				CLANG_WARN_DIRECT_OBJC_ISA_USAGE = YES_ERROR;
				CLANG_WARN_DOCUMENTATION_COMMENTS = YES;
				CLANG_WARN_EMPTY_BODY = YES;
				CLANG_WARN_ENUM_CONVERSION = YES;
				CLANG_WARN_INFINITE_RECURSION = YES;
				CLANG_WARN_INT_CONVERSION = YES;
				CLANG_WARN_NON_LITERAL_NULL_CONVERSION = YES;
				CLANG_WARN_OBJC_IMPLICIT_RETAIN_SELF = YES;
				CLANG_WARN_OBJC_LITERAL_CONVERSION = YES;
				CLANG_WARN_OBJC_ROOT_CLASS = YES_ERROR;
				CLANG_WARN_QUOTED_INCLUDE_IN_FRAMEWORK_HEADER = YES;
				CLANG_WARN_RANGE_LOOP_ANALYSIS = YES;
				CLANG_WARN_STRICT_PROTOTYPES = YES;
				CLANG_WARN_SUSPICIOUS_MOVE = YES;
				CLANG_WARN_UNGUARDED_AVAILABILITY = YES_AGGRESSIVE;
				CLANG_WARN_UNREACHABLE_CODE = YES;
				CLANG_WARN__DUPLICATE_METHOD_MATCH = YES;
				COPY_PHASE_STRIP = NO;
				DEBUG_INFORMATION_FORMAT = "dwarf-with-dsym";
				ENABLE_NS_ASSERTIONS = NO;
				ENABLE_STRICT_OBJC_MSGSEND = YES;
				GCC_C_LANGUAGE_STANDARD = gnu11;
				GCC_NO_COMMON_BLOCKS = YES;
				GCC_WARN_64_TO_32_BIT_CONVERSION = YES;
				GCC_WARN_ABOUT_RETURN_TYPE = YES_ERROR;
				GCC_WARN_UNDECLARED_SELECTOR = YES;
				GCC_WARN_UNINITIALIZED_AUTOS = YES_AGGRESSIVE;
				GCC_WARN_UNUSED_FUNCTION = YES;
				GCC_WARN_UNUSED_VARIABLE = YES;
				IPHONEOS_DEPLOYMENT_TARGET = 16.2;
				MTL_ENABLE_DEBUG_INFO = NO;
				MTL_FAST_MATH = YES;
				SDKROOT = iphoneos;
				SWIFT_COMPILATION_MODE = wholemodule;
				SWIFT_OPTIMIZATION_LEVEL = "-O";
				VALIDATE_PRODUCT = YES;
			};
			name = Release;
		};
		AFC528D429A6561100803477 /* Debug */ = {
			isa = XCBuildConfiguration;
			buildSettings = {
				ASSETCATALOG_COMPILER_APPICON_NAME = AppIcon;
				ASSETCATALOG_COMPILER_GLOBAL_ACCENT_COLOR_NAME = AccentColor;
				CODE_SIGN_STYLE = Automatic;
				CURRENT_PROJECT_VERSION = 1;
				DEVELOPMENT_ASSET_PATHS = "\"Listy/Preview Content\"";
				DEVELOPMENT_TEAM = 8X7UVR2M33;
				ENABLE_PREVIEWS = YES;
				GENERATE_INFOPLIST_FILE = YES;
				INFOPLIST_KEY_UIApplicationSceneManifest_Generation = YES;
				INFOPLIST_KEY_UIApplicationSupportsIndirectInputEvents = YES;
				INFOPLIST_KEY_UILaunchScreen_Generation = YES;
				INFOPLIST_KEY_UISupportedInterfaceOrientations_iPad = "UIInterfaceOrientationPortrait UIInterfaceOrientationPortraitUpsideDown UIInterfaceOrientationLandscapeLeft UIInterfaceOrientationLandscapeRight";
				INFOPLIST_KEY_UISupportedInterfaceOrientations_iPhone = "UIInterfaceOrientationPortrait UIInterfaceOrientationLandscapeLeft UIInterfaceOrientationLandscapeRight";
				LD_RUNPATH_SEARCH_PATHS = (
					"$(inherited)",
					"@executable_path/Frameworks",
				);
				MARKETING_VERSION = 1.0;
				PRODUCT_BUNDLE_IDENTIFIER = com.md.Listy;
				PRODUCT_NAME = "$(TARGET_NAME)";
				SWIFT_EMIT_LOC_STRINGS = YES;
				SWIFT_VERSION = 5.0;
				TARGETED_DEVICE_FAMILY = "1,2";
			};
			name = Debug;
		};
		AFC528D529A6561100803477 /* Release */ = {
			isa = XCBuildConfiguration;
			buildSettings = {
				ASSETCATALOG_COMPILER_APPICON_NAME = AppIcon;
				ASSETCATALOG_COMPILER_GLOBAL_ACCENT_COLOR_NAME = AccentColor;
				CODE_SIGN_STYLE = Automatic;
				CURRENT_PROJECT_VERSION = 1;
				DEVELOPMENT_ASSET_PATHS = "\"Listy/Preview Content\"";
				DEVELOPMENT_TEAM = 8X7UVR2M33;
				ENABLE_PREVIEWS = YES;
				GENERATE_INFOPLIST_FILE = YES;
				INFOPLIST_KEY_UIApplicationSceneManifest_Generation = YES;
				INFOPLIST_KEY_UIApplicationSupportsIndirectInputEvents = YES;
				INFOPLIST_KEY_UILaunchScreen_Generation = YES;
				INFOPLIST_KEY_UISupportedInterfaceOrientations_iPad = "UIInterfaceOrientationPortrait UIInterfaceOrientationPortraitUpsideDown UIInterfaceOrientationLandscapeLeft UIInterfaceOrientationLandscapeRight";
				INFOPLIST_KEY_UISupportedInterfaceOrientations_iPhone = "UIInterfaceOrientationPortrait UIInterfaceOrientationLandscapeLeft UIInterfaceOrientationLandscapeRight";
				LD_RUNPATH_SEARCH_PATHS = (
					"$(inherited)",
					"@executable_path/Frameworks",
				);
				MARKETING_VERSION = 1.0;
				PRODUCT_BUNDLE_IDENTIFIER = com.md.Listy;
				PRODUCT_NAME = "$(TARGET_NAME)";
				SWIFT_EMIT_LOC_STRINGS = YES;
				SWIFT_VERSION = 5.0;
				TARGETED_DEVICE_FAMILY = "1,2";
			};
			name = Release;
		};
		AFC528D729A6561100803477 /* Debug */ = {
			isa = XCBuildConfiguration;
			buildSettings = {
				ALWAYS_EMBED_SWIFT_STANDARD_LIBRARIES = YES;
				BUNDLE_LOADER = "$(TEST_HOST)";
				CODE_SIGN_STYLE = Automatic;
				CURRENT_PROJECT_VERSION = 1;
				DEVELOPMENT_TEAM = 8X7UVR2M33;
				GENERATE_INFOPLIST_FILE = YES;
				IPHONEOS_DEPLOYMENT_TARGET = 16.2;
				MARKETING_VERSION = 1.0;
				PRODUCT_BUNDLE_IDENTIFIER = com.md.ListyTests;
				PRODUCT_NAME = "$(TARGET_NAME)";
				SWIFT_EMIT_LOC_STRINGS = NO;
				SWIFT_VERSION = 5.0;
				TARGETED_DEVICE_FAMILY = "1,2";
				TEST_HOST = "$(BUILT_PRODUCTS_DIR)/Listy.app/$(BUNDLE_EXECUTABLE_FOLDER_PATH)/Listy";
			};
			name = Debug;
		};
		AFC528D829A6561100803477 /* Release */ = {
			isa = XCBuildConfiguration;
			buildSettings = {
				ALWAYS_EMBED_SWIFT_STANDARD_LIBRARIES = YES;
				BUNDLE_LOADER = "$(TEST_HOST)";
				CODE_SIGN_STYLE = Automatic;
				CURRENT_PROJECT_VERSION = 1;
				DEVELOPMENT_TEAM = 8X7UVR2M33;
				GENERATE_INFOPLIST_FILE = YES;
				IPHONEOS_DEPLOYMENT_TARGET = 16.2;
				MARKETING_VERSION = 1.0;
				PRODUCT_BUNDLE_IDENTIFIER = com.md.ListyTests;
				PRODUCT_NAME = "$(TARGET_NAME)";
				SWIFT_EMIT_LOC_STRINGS = NO;
				SWIFT_VERSION = 5.0;
				TARGETED_DEVICE_FAMILY = "1,2";
				TEST_HOST = "$(BUILT_PRODUCTS_DIR)/Listy.app/$(BUNDLE_EXECUTABLE_FOLDER_PATH)/Listy";
			};
			name = Release;
		};
		AFC528DA29A6561100803477 /* Debug */ = {
			isa = XCBuildConfiguration;
			buildSettings = {
				ALWAYS_EMBED_SWIFT_STANDARD_LIBRARIES = YES;
				CODE_SIGN_STYLE = Automatic;
				CURRENT_PROJECT_VERSION = 1;
				DEVELOPMENT_TEAM = 8X7UVR2M33;
				GENERATE_INFOPLIST_FILE = YES;
				MARKETING_VERSION = 1.0;
				PRODUCT_BUNDLE_IDENTIFIER = com.md.ListyUITests;
				PRODUCT_NAME = "$(TARGET_NAME)";
				SWIFT_EMIT_LOC_STRINGS = NO;
				SWIFT_VERSION = 5.0;
				TARGETED_DEVICE_FAMILY = "1,2";
				TEST_TARGET_NAME = Listy;
			};
			name = Debug;
		};
		AFC528DB29A6561100803477 /* Release */ = {
			isa = XCBuildConfiguration;
			buildSettings = {
				ALWAYS_EMBED_SWIFT_STANDARD_LIBRARIES = YES;
				CODE_SIGN_STYLE = Automatic;
				CURRENT_PROJECT_VERSION = 1;
				DEVELOPMENT_TEAM = 8X7UVR2M33;
				GENERATE_INFOPLIST_FILE = YES;
				MARKETING_VERSION = 1.0;
				PRODUCT_BUNDLE_IDENTIFIER = com.md.ListyUITests;
				PRODUCT_NAME = "$(TARGET_NAME)";
				SWIFT_EMIT_LOC_STRINGS = NO;
				SWIFT_VERSION = 5.0;
				TARGETED_DEVICE_FAMILY = "1,2";
				TEST_TARGET_NAME = Listy;
			};
			name = Release;
		};
/* End XCBuildConfiguration section */

/* Begin XCConfigurationList section */
		AFC528AA29A6561000803477 /* Build configuration list for PBXProject "Listy" */ = {
			isa = XCConfigurationList;
			buildConfigurations = (
				AFC528D129A6561100803477 /* Debug */,
				AFC528D229A6561100803477 /* Release */,
			);
			defaultConfigurationIsVisible = 0;
			defaultConfigurationName = Release;
		};
		AFC528D329A6561100803477 /* Build configuration list for PBXNativeTarget "Listy" */ = {
			isa = XCConfigurationList;
			buildConfigurations = (
				AFC528D429A6561100803477 /* Debug */,
				AFC528D529A6561100803477 /* Release */,
			);
			defaultConfigurationIsVisible = 0;
			defaultConfigurationName = Release;
		};
		AFC528D629A6561100803477 /* Build configuration list for PBXNativeTarget "ListyTests" */ = {
			isa = XCConfigurationList;
			buildConfigurations = (
				AFC528D729A6561100803477 /* Debug */,
				AFC528D829A6561100803477 /* Release */,
			);
			defaultConfigurationIsVisible = 0;
			defaultConfigurationName = Release;
		};
		AFC528D929A6561100803477 /* Build configuration list for PBXNativeTarget "ListyUITests" */ = {
			isa = XCConfigurationList;
			buildConfigurations = (
				AFC528DA29A6561100803477 /* Debug */,
				AFC528DB29A6561100803477 /* Release */,
			);
			defaultConfigurationIsVisible = 0;
			defaultConfigurationName = Release;
		};
/* End XCConfigurationList section */
	};
	rootObject = AFC528A729A6561000803477 /* Project object */;
}
