// !$*UTF8*$!
{
	archiveVersion = 1;
	classes = {
	};
	objectVersion = 56;
	objects = {

/* Begin PBXBuildFile section */
		AF12EBD929A7BC1A00D0A6BC /* .swiftlint.yml in Resources */ = {isa = PBXBuildFile; fileRef = AF12EBD829A7BC1A00D0A6BC /* .swiftlint.yml */; };
		AF446E0D29A760BC009D3180 /* MyListDetailView.swift in Sources */ = {isa = PBXBuildFile; fileRef = AF446E0C29A760BC009D3180 /* MyListDetailView.swift */; };
		AF446E0F29A76B14009D3180 /* ReminderListView.swift in Sources */ = {isa = PBXBuildFile; fileRef = AF446E0E29A76B14009D3180 /* ReminderListView.swift */; };
		AF446E1129A76F9A009D3180 /* ReminderCellView.swift in Sources */ = {isa = PBXBuildFile; fileRef = AF446E1029A76F9A009D3180 /* ReminderCellView.swift */; };
		AF446E1329A77353009D3180 /* Date + Extensions.swift in Sources */ = {isa = PBXBuildFile; fileRef = AF446E1229A77353009D3180 /* Date + Extensions.swift */; };
		AF446E1529A7788D009D3180 /* ReminderDetailView.swift in Sources */ = {isa = PBXBuildFile; fileRef = AF446E1429A7788D009D3180 /* ReminderDetailView.swift */; };
		AF446E1829A7798B009D3180 /* ReminderEditConfig.swift in Sources */ = {isa = PBXBuildFile; fileRef = AF446E1729A7798B009D3180 /* ReminderEditConfig.swift */; };
		AF446E1A29A77D70009D3180 /* CustomOperators.swift in Sources */ = {isa = PBXBuildFile; fileRef = AF446E1929A77D70009D3180 /* CustomOperators.swift */; };
		AF446E1C29A78160009D3180 /* SelectListView.swift in Sources */ = {isa = PBXBuildFile; fileRef = AF446E1B29A78160009D3180 /* SelectListView.swift */; };
		AF7E3D2F29A673BE00B62301 /* RemindersService.swift in Sources */ = {isa = PBXBuildFile; fileRef = AF7E3D2E29A673BE00B62301 /* RemindersService.swift */; };
		AF7E3D3229A674EC00B62301 /* UIColorTransformer.swift in Sources */ = {isa = PBXBuildFile; fileRef = AF7E3D3129A674EC00B62301 /* UIColorTransformer.swift */; };
		AF7E3D3429A6798A00B62301 /* MyListsView.swift in Sources */ = {isa = PBXBuildFile; fileRef = AF7E3D3329A6798A00B62301 /* MyListsView.swift */; };
		AF7E3D3629A67CAA00B62301 /* MyListCellView.swift in Sources */ = {isa = PBXBuildFile; fileRef = AF7E3D3529A67CAA00B62301 /* MyListCellView.swift */; };
		AF7E3D3929A67ED000B62301 /* String + Extensions.swift in Sources */ = {isa = PBXBuildFile; fileRef = AF7E3D3829A67ED000B62301 /* String + Extensions.swift */; };
		AFC528B329A6561000803477 /* ListyApp.swift in Sources */ = {isa = PBXBuildFile; fileRef = AFC528B229A6561000803477 /* ListyApp.swift */; };
		AFC528B529A6561000803477 /* HomeView.swift in Sources */ = {isa = PBXBuildFile; fileRef = AFC528B429A6561000803477 /* HomeView.swift */; };
		AFC528B729A6561100803477 /* Assets.xcassets in Resources */ = {isa = PBXBuildFile; fileRef = AFC528B629A6561100803477 /* Assets.xcassets */; };
		AFC528BA29A6561100803477 /* Preview Assets.xcassets in Resources */ = {isa = PBXBuildFile; fileRef = AFC528B929A6561100803477 /* Preview Assets.xcassets */; };
		AFC528C429A6561100803477 /* ListyTests.swift in Sources */ = {isa = PBXBuildFile; fileRef = AFC528C329A6561100803477 /* ListyTests.swift */; };
		AFC528CE29A6561100803477 /* ListyUITests.swift in Sources */ = {isa = PBXBuildFile; fileRef = AFC528CD29A6561100803477 /* ListyUITests.swift */; };
		AFC528D029A6561100803477 /* ListyUITestsLaunchTests.swift in Sources */ = {isa = PBXBuildFile; fileRef = AFC528CF29A6561100803477 /* ListyUITestsLaunchTests.swift */; };
		AFC528DE29A6565200803477 /* CoreDataProvider.swift in Sources */ = {isa = PBXBuildFile; fileRef = AFC528DD29A6565200803477 /* CoreDataProvider.swift */; };
		AFC528E129A65FB300803477 /* ListyModel.xcdatamodeld in Sources */ = {isa = PBXBuildFile; fileRef = AFC528DF29A65FB300803477 /* ListyModel.xcdatamodeld */; };
		AFC528E429A661B000803477 /* MyList+CoreDataClass.swift in Sources */ = {isa = PBXBuildFile; fileRef = AFC528E329A661B000803477 /* MyList+CoreDataClass.swift */; };
		AFC528E729A6646000803477 /* AddNewListView.swift in Sources */ = {isa = PBXBuildFile; fileRef = AFC528E629A6646000803477 /* AddNewListView.swift */; };
		AFC528E929A665AA00803477 /* ColorPickerView.swift in Sources */ = {isa = PBXBuildFile; fileRef = AFC528E829A665AA00803477 /* ColorPickerView.swift */; };
/* End PBXBuildFile section */

/* Begin PBXContainerItemProxy section */
		AFC528C029A6561100803477 /* PBXContainerItemProxy */ = {
			isa = PBXContainerItemProxy;
			containerPortal = AFC528A729A6561000803477 /* Project object */;
			proxyType = 1;
			remoteGlobalIDString = AFC528AE29A6561000803477;
			remoteInfo = Listy;
		};
		AFC528CA29A6561100803477 /* PBXContainerItemProxy */ = {
			isa = PBXContainerItemProxy;
			containerPortal = AFC528A729A6561000803477 /* Project object */;
			proxyType = 1;
			remoteGlobalIDString = AFC528AE29A6561000803477;
			remoteInfo = Listy;
		};
/* End PBXContainerItemProxy section */

/* Begin PBXFileReference section */
		AF12EBD829A7BC1A00D0A6BC /* .swiftlint.yml */ = {isa = PBXFileReference; lastKnownFileType = text.yaml; path = .swiftlint.yml; sourceTree = "<group>"; };
		AF446E0C29A760BC009D3180 /* MyListDetailView.swift */ = {isa = PBXFileReference; lastKnownFileType = sourcecode.swift; path = MyListDetailView.swift; sourceTree = "<group>"; };
		AF446E0E29A76B14009D3180 /* ReminderListView.swift */ = {isa = PBXFileReference; lastKnownFileType = sourcecode.swift; path = ReminderListView.swift; sourceTree = "<group>"; };
		AF446E1029A76F9A009D3180 /* ReminderCellView.swift */ = {isa = PBXFileReference; lastKnownFileType = sourcecode.swift; path = ReminderCellView.swift; sourceTree = "<group>"; };
		AF446E1229A77353009D3180 /* Date + Extensions.swift */ = {isa = PBXFileReference; lastKnownFileType = sourcecode.swift; path = "Date + Extensions.swift"; sourceTree = "<group>"; };
		AF446E1429A7788D009D3180 /* ReminderDetailView.swift */ = {isa = PBXFileReference; lastKnownFileType = sourcecode.swift; path = ReminderDetailView.swift; sourceTree = "<group>"; };
		AF446E1729A7798B009D3180 /* ReminderEditConfig.swift */ = {isa = PBXFileReference; lastKnownFileType = sourcecode.swift; path = ReminderEditConfig.swift; sourceTree = "<group>"; };
		AF446E1929A77D70009D3180 /* CustomOperators.swift */ = {isa = PBXFileReference; lastKnownFileType = sourcecode.swift; path = CustomOperators.swift; sourceTree = "<group>"; };
		AF446E1B29A78160009D3180 /* SelectListView.swift */ = {isa = PBXFileReference; lastKnownFileType = sourcecode.swift; path = SelectListView.swift; sourceTree = "<group>"; };
		AF7E3D2E29A673BE00B62301 /* RemindersService.swift */ = {isa = PBXFileReference; lastKnownFileType = sourcecode.swift; path = RemindersService.swift; sourceTree = "<group>"; };
		AF7E3D3129A674EC00B62301 /* UIColorTransformer.swift */ = {isa = PBXFileReference; lastKnownFileType = sourcecode.swift; path = UIColorTransformer.swift; sourceTree = "<group>"; };
		AF7E3D3329A6798A00B62301 /* MyListsView.swift */ = {isa = PBXFileReference; lastKnownFileType = sourcecode.swift; path = MyListsView.swift; sourceTree = "<group>"; };
		AF7E3D3529A67CAA00B62301 /* MyListCellView.swift */ = {isa = PBXFileReference; lastKnownFileType = sourcecode.swift; path = MyListCellView.swift; sourceTree = "<group>"; };
		AF7E3D3829A67ED000B62301 /* String + Extensions.swift */ = {isa = PBXFileReference; lastKnownFileType = sourcecode.swift; path = "String + Extensions.swift"; sourceTree = "<group>"; };
		AFC528AF29A6561000803477 /* Listy.app */ = {isa = PBXFileReference; explicitFileType = wrapper.application; includeInIndex = 0; path = Listy.app; sourceTree = BUILT_PRODUCTS_DIR; };
		AFC528B229A6561000803477 /* ListyApp.swift */ = {isa = PBXFileReference; lastKnownFileType = sourcecode.swift; path = ListyApp.swift; sourceTree = "<group>"; };
		AFC528B429A6561000803477 /* HomeView.swift */ = {isa = PBXFileReference; lastKnownFileType = sourcecode.swift; path = HomeView.swift; sourceTree = "<group>"; };
		AFC528B629A6561100803477 /* Assets.xcassets */ = {isa = PBXFileReference; lastKnownFileType = folder.assetcatalog; path = Assets.xcassets; sourceTree = "<group>"; };
		AFC528B929A6561100803477 /* Preview Assets.xcassets */ = {isa = PBXFileReference; lastKnownFileType = folder.assetcatalog; path = "Preview Assets.xcassets"; sourceTree = "<group>"; };
		AFC528BF29A6561100803477 /* ListyTests.xctest */ = {isa = PBXFileReference; explicitFileType = wrapper.cfbundle; includeInIndex = 0; path = ListyTests.xctest; sourceTree = BUILT_PRODUCTS_DIR; };
		AFC528C329A6561100803477 /* ListyTests.swift */ = {isa = PBXFileReference; lastKnownFileType = sourcecode.swift; path = ListyTests.swift; sourceTree = "<group>"; };
		AFC528C929A6561100803477 /* ListyUITests.xctest */ = {isa = PBXFileReference; explicitFileType = wrapper.cfbundle; includeInIndex = 0; path = ListyUITests.xctest; sourceTree = BUILT_PRODUCTS_DIR; };
		AFC528CD29A6561100803477 /* ListyUITests.swift */ = {isa = PBXFileReference; lastKnownFileType = sourcecode.swift; path = ListyUITests.swift; sourceTree = "<group>"; };
		AFC528CF29A6561100803477 /* ListyUITestsLaunchTests.swift */ = {isa = PBXFileReference; lastKnownFileType = sourcecode.swift; path = ListyUITestsLaunchTests.swift; sourceTree = "<group>"; };
		AFC528DD29A6565200803477 /* CoreDataProvider.swift */ = {isa = PBXFileReference; lastKnownFileType = sourcecode.swift; path = CoreDataProvider.swift; sourceTree = "<group>"; };
		AFC528E029A65FB300803477 /* Listy.xcdatamodel */ = {isa = PBXFileReference; lastKnownFileType = wrapper.xcdatamodel; path = Listy.xcdatamodel; sourceTree = "<group>"; };
		AFC528E329A661B000803477 /* MyList+CoreDataClass.swift */ = {isa = PBXFileReference; lastKnownFileType = sourcecode.swift; path = "MyList+CoreDataClass.swift"; sourceTree = "<group>"; };
		AFC528E629A6646000803477 /* AddNewListView.swift */ = {isa = PBXFileReference; lastKnownFileType = sourcecode.swift; path = AddNewListView.swift; sourceTree = "<group>"; };
		AFC528E829A665AA00803477 /* ColorPickerView.swift */ = {isa = PBXFileReference; lastKnownFileType = sourcecode.swift; path = ColorPickerView.swift; sourceTree = "<group>"; };
/* End PBXFileReference section */

/* Begin PBXFrameworksBuildPhase section */
		AFC528AC29A6561000803477 /* Frameworks */ = {
			isa = PBXFrameworksBuildPhase;
			buildActionMask = 2147483647;
			files = (
			);
			runOnlyForDeploymentPostprocessing = 0;
		};
		AFC528BC29A6561100803477 /* Frameworks */ = {
			isa = PBXFrameworksBuildPhase;
			buildActionMask = 2147483647;
			files = (
			);
			runOnlyForDeploymentPostprocessing = 0;
		};
		AFC528C629A6561100803477 /* Frameworks */ = {
			isa = PBXFrameworksBuildPhase;
			buildActionMask = 2147483647;
			files = (
			);
			runOnlyForDeploymentPostprocessing = 0;
		};
/* End PBXFrameworksBuildPhase section */

/* Begin PBXGroup section */
		AF446E1629A77973009D3180 /* editConfigs */ = {
			isa = PBXGroup;
			children = (
				AF446E1729A7798B009D3180 /* ReminderEditConfig.swift */,
			);
			path = editConfigs;
			sourceTree = "<group>";
		};
		AF7E3D2D29A6738F00B62301 /* Services */ = {
			isa = PBXGroup;
			children = (
				AF7E3D2E29A673BE00B62301 /* RemindersService.swift */,
			);
			path = Services;
			sourceTree = "<group>";
		};
		AF7E3D3029A674DC00B62301 /* Transformers */ = {
			isa = PBXGroup;
			children = (
				AF7E3D3129A674EC00B62301 /* UIColorTransformer.swift */,
			);
			path = Transformers;
			sourceTree = "<group>";
		};
		AF7E3D3729A67EBB00B62301 /* Extensions */ = {
			isa = PBXGroup;
			children = (
				AF7E3D3829A67ED000B62301 /* String + Extensions.swift */,
				AF446E1229A77353009D3180 /* Date + Extensions.swift */,
				AF446E1929A77D70009D3180 /* CustomOperators.swift */,
			);
			path = Extensions;
			sourceTree = "<group>";
		};
		AFC528A629A6561000803477 = {
			isa = PBXGroup;
			children = (
				AF12EBD829A7BC1A00D0A6BC /* .swiftlint.yml */,
				AFC528B129A6561000803477 /* Listy */,
				AFC528C229A6561100803477 /* ListyTests */,
				AFC528CC29A6561100803477 /* ListyUITests */,
				AFC528B029A6561000803477 /* Products */,
			);
			sourceTree = "<group>";
		};
		AFC528B029A6561000803477 /* Products */ = {
			isa = PBXGroup;
			children = (
				AFC528AF29A6561000803477 /* Listy.app */,
				AFC528BF29A6561100803477 /* ListyTests.xctest */,
				AFC528C929A6561100803477 /* ListyUITests.xctest */,
			);
			name = Products;
			sourceTree = "<group>";
		};
		AFC528B129A6561000803477 /* Listy */ = {
			isa = PBXGroup;
			children = (
				AF7E3D3729A67EBB00B62301 /* Extensions */,
				AFC528DC29A6563200803477 /* Providers */,
				AFC528DF29A65FB300803477 /* ListyModel.xcdatamodeld */,
				AFC528E229A6619B00803477 /* Models */,
				AFC528E529A6644200803477 /* Views */,
				AF7E3D2D29A6738F00B62301 /* Services */,
				AF7E3D3029A674DC00B62301 /* Transformers */,
				AFC528B229A6561000803477 /* ListyApp.swift */,
				AFC528B629A6561100803477 /* Assets.xcassets */,
				AFC528B829A6561100803477 /* Preview Content */,
			);
			path = Listy;
			sourceTree = "<group>";
		};
		AFC528B829A6561100803477 /* Preview Content */ = {
			isa = PBXGroup;
			children = (
				AFC528B929A6561100803477 /* Preview Assets.xcassets */,
			);
			path = "Preview Content";
			sourceTree = "<group>";
		};
		AFC528C229A6561100803477 /* ListyTests */ = {
			isa = PBXGroup;
			children = (
				AFC528C329A6561100803477 /* ListyTests.swift */,
			);
			path = ListyTests;
			sourceTree = "<group>";
		};
		AFC528CC29A6561100803477 /* ListyUITests */ = {
			isa = PBXGroup;
			children = (
				AFC528CD29A6561100803477 /* ListyUITests.swift */,
				AFC528CF29A6561100803477 /* ListyUITestsLaunchTests.swift */,
			);
			path = ListyUITests;
			sourceTree = "<group>";
		};
		AFC528DC29A6563200803477 /* Providers */ = {
			isa = PBXGroup;
			children = (
				AFC528DD29A6565200803477 /* CoreDataProvider.swift */,
			);
			path = Providers;
			sourceTree = "<group>";
		};
		AFC528E229A6619B00803477 /* Models */ = {
			isa = PBXGroup;
			children = (
				AF446E1629A77973009D3180 /* editConfigs */,
				AFC528E329A661B000803477 /* MyList+CoreDataClass.swift */,
			);
			path = Models;
			sourceTree = "<group>";
		};
		AFC528E529A6644200803477 /* Views */ = {
			isa = PBXGroup;
			children = (
				AFC528B429A6561000803477 /* HomeView.swift */,
				AFC528E629A6646000803477 /* AddNewListView.swift */,
				AFC528E829A665AA00803477 /* ColorPickerView.swift */,
				AF7E3D3329A6798A00B62301 /* MyListsView.swift */,
				AF7E3D3529A67CAA00B62301 /* MyListCellView.swift */,
				AF446E0C29A760BC009D3180 /* MyListDetailView.swift */,
				AF446E0E29A76B14009D3180 /* ReminderListView.swift */,
				AF446E1029A76F9A009D3180 /* ReminderCellView.swift */,
				AF446E1429A7788D009D3180 /* ReminderDetailView.swift */,
				AF446E1B29A78160009D3180 /* SelectListView.swift */,
			);
			path = Views;
			sourceTree = "<group>";
		};
/* End PBXGroup section */

/* Begin PBXNativeTarget section */
		AFC528AE29A6561000803477 /* Listy */ = {
			isa = PBXNativeTarget;
			buildConfigurationList = AFC528D329A6561100803477 /* Build configuration list for PBXNativeTarget "Listy" */;
			buildPhases = (
				AFC528AB29A6561000803477 /* Sources */,
				AFC528AC29A6561000803477 /* Frameworks */,
				AFC528AD29A6561000803477 /* Resources */,
				AF446E1D29A7B9C5009D3180 /* ShellScript */,
			);
			buildRules = (
			);
			dependencies = (
			);
			name = Listy;
			productName = Listy;
			productReference = AFC528AF29A6561000803477 /* Listy.app */;
			productType = "com.apple.product-type.application";
		};
		AFC528BE29A6561100803477 /* ListyTests */ = {
			isa = PBXNativeTarget;
			buildConfigurationList = AFC528D629A6561100803477 /* Build configuration list for PBXNativeTarget "ListyTests" */;
			buildPhases = (
				AFC528BB29A6561100803477 /* Sources */,
				AFC528BC29A6561100803477 /* Frameworks */,
				AFC528BD29A6561100803477 /* Resources */,
			);
			buildRules = (
			);
			dependencies = (
				AFC528C129A6561100803477 /* PBXTargetDependency */,
			);
			name = ListyTests;
			productName = ListyTests;
			productReference = AFC528BF29A6561100803477 /* ListyTests.xctest */;
			productType = "com.apple.product-type.bundle.unit-test";
		};
		AFC528C829A6561100803477 /* ListyUITests */ = {
			isa = PBXNativeTarget;
			buildConfigurationList = AFC528D929A6561100803477 /* Build configuration list for PBXNativeTarget "ListyUITests" */;
			buildPhases = (
				AFC528C529A6561100803477 /* Sources */,
				AFC528C629A6561100803477 /* Frameworks */,
				AFC528C729A6561100803477 /* Resources */,
			);
			buildRules = (
			);
			dependencies = (
				AFC528CB29A6561100803477 /* PBXTargetDependency */,
			);
			name = ListyUITests;
			productName = ListyUITests;
			productReference = AFC528C929A6561100803477 /* ListyUITests.xctest */;
			productType = "com.apple.product-type.bundle.ui-testing";
		};
/* End PBXNativeTarget section */

/* Begin PBXProject section */
		AFC528A729A6561000803477 /* Project object */ = {
			isa = PBXProject;
			attributes = {
				BuildIndependentTargetsInParallel = 1;
				LastSwiftUpdateCheck = 1420;
				LastUpgradeCheck = 1420;
				TargetAttributes = {
					AFC528AE29A6561000803477 = {
						CreatedOnToolsVersion = 14.2;
					};
					AFC528BE29A6561100803477 = {
						CreatedOnToolsVersion = 14.2;
						TestTargetID = AFC528AE29A6561000803477;
					};
					AFC528C829A6561100803477 = {
						CreatedOnToolsVersion = 14.2;
						TestTargetID = AFC528AE29A6561000803477;
					};
				};
			};
			buildConfigurationList = AFC528AA29A6561000803477 /* Build configuration list for PBXProject "Listy" */;
			compatibilityVersion = "Xcode 14.0";
			developmentRegion = en;
			hasScannedForEncodings = 0;
			knownRegions = (
				en,
				Base,
			);
			mainGroup = AFC528A629A6561000803477;
			productRefGroup = AFC528B029A6561000803477 /* Products */;
			projectDirPath = "";
			projectRoot = "";
			targets = (
				AFC528AE29A6561000803477 /* Listy */,
				AFC528BE29A6561100803477 /* ListyTests */,
				AFC528C829A6561100803477 /* ListyUITests */,
			);
		};
/* End PBXProject section */

/* Begin PBXResourcesBuildPhase section */
		AFC528AD29A6561000803477 /* Resources */ = {
			isa = PBXResourcesBuildPhase;
			buildActionMask = 2147483647;
			files = (
				AF12EBD929A7BC1A00D0A6BC /* .swiftlint.yml in Resources */,
				AFC528BA29A6561100803477 /* Preview Assets.xcassets in Resources */,
				AFC528B729A6561100803477 /* Assets.xcassets in Resources */,
			);
			runOnlyForDeploymentPostprocessing = 0;
		};
		AFC528BD29A6561100803477 /* Resources */ = {
			isa = PBXResourcesBuildPhase;
			buildActionMask = 2147483647;
			files = (
			);
			runOnlyForDeploymentPostprocessing = 0;
		};
		AFC528C729A6561100803477 /* Resources */ = {
			isa = PBXResourcesBuildPhase;
			buildActionMask = 2147483647;
			files = (
			);
			runOnlyForDeploymentPostprocessing = 0;
		};
/* End PBXResourcesBuildPhase section */

/* Begin PBXShellScriptBuildPhase section */
		AF446E1D29A7B9C5009D3180 /* ShellScript */ = {
			isa = PBXShellScriptBuildPhase;
			buildActionMask = 2147483647;
			files = (
			);
			inputFileListPaths = (
			);
			inputPaths = (
			);
			outputFileListPaths = (
			);
			outputPaths = (
			);
			runOnlyForDeploymentPostprocessing = 0;
			shellPath = /bin/sh;
			shellScript = "export PATH=\"$PATH:/opt/homebrew/bin\"\nif which swiftlint > /dev/null; then\n  swiftlint\nelse\n  echo \"warning: SwiftLint not installed, download from https://github.com/realm/SwiftLint\"\nfi\n";
		};
/* End PBXShellScriptBuildPhase section */

/* Begin PBXSourcesBuildPhase section */
		AFC528AB29A6561000803477 /* Sources */ = {
			isa = PBXSourcesBuildPhase;
			buildActionMask = 2147483647;
			files = (
				AFC528B529A6561000803477 /* HomeView.swift in Sources */,
				AFC528B329A6561000803477 /* ListyApp.swift in Sources */,
				AF446E0F29A76B14009D3180 /* ReminderListView.swift in Sources */,
				AF446E1829A7798B009D3180 /* ReminderEditConfig.swift in Sources */,
				AF446E0D29A760BC009D3180 /* MyListDetailView.swift in Sources */,
				AF446E1A29A77D70009D3180 /* CustomOperators.swift in Sources */,
				AF446E1129A76F9A009D3180 /* ReminderCellView.swift in Sources */,
				AFC528DE29A6565200803477 /* CoreDataProvider.swift in Sources */,
				AF7E3D3229A674EC00B62301 /* UIColorTransformer.swift in Sources */,
				AF7E3D3429A6798A00B62301 /* MyListsView.swift in Sources */,
				AF7E3D2F29A673BE00B62301 /* RemindersService.swift in Sources */,
				AFC528E929A665AA00803477 /* ColorPickerView.swift in Sources */,
				AFC528E729A6646000803477 /* AddNewListView.swift in Sources */,
				AF446E1329A77353009D3180 /* Date + Extensions.swift in Sources */,
				AF7E3D3629A67CAA00B62301 /* MyListCellView.swift in Sources */,
				AFC528E429A661B000803477 /* MyList+CoreDataClass.swift in Sources */,
				AF7E3D3929A67ED000B62301 /* String + Extensions.swift in Sources */,
				AF446E1529A7788D009D3180 /* ReminderDetailView.swift in Sources */,
				AF446E1C29A78160009D3180 /* SelectListView.swift in Sources */,
				AFC528E129A65FB300803477 /* ListyModel.xcdatamodeld in Sources */,
			);
			runOnlyForDeploymentPostprocessing = 0;
		};
		AFC528BB29A6561100803477 /* Sources */ = {
			isa = PBXSourcesBuildPhase;
			buildActionMask = 2147483647;
			files = (
				AFC528C429A6561100803477 /* ListyTests.swift in Sources */,
			);
			runOnlyForDeploymentPostprocessing = 0;
		};
		AFC528C529A6561100803477 /* Sources */ = {
			isa = PBXSourcesBuildPhase;
			buildActionMask = 2147483647;
			files = (
				AFC528D029A6561100803477 /* ListyUITestsLaunchTests.swift in Sources */,
				AFC528CE29A6561100803477 /* ListyUITests.swift in Sources */,
			);
			runOnlyForDeploymentPostprocessing = 0;
		};
/* End PBXSourcesBuildPhase section */

/* Begin PBXTargetDependency section */
		AFC528C129A6561100803477 /* PBXTargetDependency */ = {
			isa = PBXTargetDependency;
			target = AFC528AE29A6561000803477 /* Listy */;
			targetProxy = AFC528C029A6561100803477 /* PBXContainerItemProxy */;
		};
		AFC528CB29A6561100803477 /* PBXTargetDependency */ = {
			isa = PBXTargetDependency;
			target = AFC528AE29A6561000803477 /* Listy */;
			targetProxy = AFC528CA29A6561100803477 /* PBXContainerItemProxy */;
		};
/* End PBXTargetDependency section */

/* Begin XCBuildConfiguration section */
		AFC528D129A6561100803477 /* Debug */ = {
			isa = XCBuildConfiguration;
			buildSettings = {
				ALWAYS_SEARCH_USER_PATHS = NO;
				CLANG_ANALYZER_NONNULL = YES;
				CLANG_ANALYZER_NUMBER_OBJECT_CONVERSION = YES_AGGRESSIVE;
				CLANG_CXX_LANGUAGE_STANDARD = "gnu++20";
				CLANG_ENABLE_MODULES = YES;
				CLANG_ENABLE_OBJC_ARC = YES;
				CLANG_ENABLE_OBJC_WEAK = YES;
				CLANG_WARN_BLOCK_CAPTURE_AUTORELEASING = YES;
				CLANG_WARN_BOOL_CONVERSION = YES;
				CLANG_WARN_COMMA = YES;
				CLANG_WARN_CONSTANT_CONVERSION = YES;
				CLANG_WARN_DEPRECATED_OBJC_IMPLEMENTATIONS = YES;
				CLANG_WARN_DIRECT_OBJC_ISA_USAGE = YES_ERROR;
				CLANG_WARN_DOCUMENTATION_COMMENTS = YES;
				CLANG_WARN_EMPTY_BODY = YES;
				CLANG_WARN_ENUM_CONVERSION = YES;
				CLANG_WARN_INFINITE_RECURSION = YES;
				CLANG_WARN_INT_CONVERSION = YES;
				CLANG_WARN_NON_LITERAL_NULL_CONVERSION = YES;
				CLANG_WARN_OBJC_IMPLICIT_RETAIN_SELF = YES;
				CLANG_WARN_OBJC_LITERAL_CONVERSION = YES;
				CLANG_WARN_OBJC_ROOT_CLASS = YES_ERROR;
				CLANG_WARN_QUOTED_INCLUDE_IN_FRAMEWORK_HEADER = YES;
				CLANG_WARN_RANGE_LOOP_ANALYSIS = YES;
				CLANG_WARN_STRICT_PROTOTYPES = YES;
				CLANG_WARN_SUSPICIOUS_MOVE = YES;
				CLANG_WARN_UNGUARDED_AVAILABILITY = YES_AGGRESSIVE;
				CLANG_WARN_UNREACHABLE_CODE = YES;
				CLANG_WARN__DUPLICATE_METHOD_MATCH = YES;
				COPY_PHASE_STRIP = NO;
				DEBUG_INFORMATION_FORMAT = dwarf;
				ENABLE_STRICT_OBJC_MSGSEND = YES;
				ENABLE_TESTABILITY = YES;
				GCC_C_LANGUAGE_STANDARD = gnu11;
				GCC_DYNAMIC_NO_PIC = NO;
				GCC_NO_COMMON_BLOCKS = YES;
				GCC_OPTIMIZATION_LEVEL = 0;
				GCC_PREPROCESSOR_DEFINITIONS = (
					"DEBUG=1",
					"$(inherited)",
				);
				GCC_WARN_64_TO_32_BIT_CONVERSION = YES;
				GCC_WARN_ABOUT_RETURN_TYPE = YES_ERROR;
				GCC_WARN_UNDECLARED_SELECTOR = YES;
				GCC_WARN_UNINITIALIZED_AUTOS = YES_AGGRESSIVE;
				GCC_WARN_UNUSED_FUNCTION = YES;
				GCC_WARN_UNUSED_VARIABLE = YES;
				IPHONEOS_DEPLOYMENT_TARGET = 16.2;
				MTL_ENABLE_DEBUG_INFO = INCLUDE_SOURCE;
				MTL_FAST_MATH = YES;
				ONLY_ACTIVE_ARCH = YES;
				SDKROOT = iphoneos;
				SWIFT_ACTIVE_COMPILATION_CONDITIONS = DEBUG;
				SWIFT_OPTIMIZATION_LEVEL = "-Onone";
			};
			name = Debug;
		};
		AFC528D229A6561100803477 /* Release */ = {
			isa = XCBuildConfiguration;
			buildSettings = {
				ALWAYS_SEARCH_USER_PATHS = NO;
				CLANG_ANALYZER_NONNULL = YES;
				CLANG_ANALYZER_NUMBER_OBJECT_CONVERSION = YES_AGGRESSIVE;
				CLANG_CXX_LANGUAGE_STANDARD = "gnu++20";
				CLANG_ENABLE_MODULES = YES;
				CLANG_ENABLE_OBJC_ARC = YES;
				CLANG_ENABLE_OBJC_WEAK = YES;
				CLANG_WARN_BLOCK_CAPTURE_AUTORELEASING = YES;
				CLANG_WARN_BOOL_CONVERSION = YES;
				CLANG_WARN_COMMA = YES;
				CLANG_WARN_CONSTANT_CONVERSION = YES;
				CLANG_WARN_DEPRECATED_OBJC_IMPLEMENTATIONS = YES;
				CLANG_WARN_DIRECT_OBJC_ISA_USAGE = YES_ERROR;
				CLANG_WARN_DOCUMENTATION_COMMENTS = YES;
				CLANG_WARN_EMPTY_BODY = YES;
				CLANG_WARN_ENUM_CONVERSION = YES;
				CLANG_WARN_INFINITE_RECURSION = YES;
				CLANG_WARN_INT_CONVERSION = YES;
				CLANG_WARN_NON_LITERAL_NULL_CONVERSION = YES;
				CLANG_WARN_OBJC_IMPLICIT_RETAIN_SELF = YES;
				CLANG_WARN_OBJC_LITERAL_CONVERSION = YES;
				CLANG_WARN_OBJC_ROOT_CLASS = YES_ERROR;
				CLANG_WARN_QUOTED_INCLUDE_IN_FRAMEWORK_HEADER = YES;
				CLANG_WARN_RANGE_LOOP_ANALYSIS = YES;
				CLANG_WARN_STRICT_PROTOTYPES = YES;
				CLANG_WARN_SUSPICIOUS_MOVE = YES;
				CLANG_WARN_UNGUARDED_AVAILABILITY = YES_AGGRESSIVE;
				CLANG_WARN_UNREACHABLE_CODE = YES;
				CLANG_WARN__DUPLICATE_METHOD_MATCH = YES;
				COPY_PHASE_STRIP = NO;
				DEBUG_INFORMATION_FORMAT = "dwarf-with-dsym";
				ENABLE_NS_ASSERTIONS = NO;
				ENABLE_STRICT_OBJC_MSGSEND = YES;
				GCC_C_LANGUAGE_STANDARD = gnu11;
				GCC_NO_COMMON_BLOCKS = YES;
				GCC_WARN_64_TO_32_BIT_CONVERSION = YES;
				GCC_WARN_ABOUT_RETURN_TYPE = YES_ERROR;
				GCC_WARN_UNDECLARED_SELECTOR = YES;
				GCC_WARN_UNINITIALIZED_AUTOS = YES_AGGRESSIVE;
				GCC_WARN_UNUSED_FUNCTION = YES;
				GCC_WARN_UNUSED_VARIABLE = YES;
				IPHONEOS_DEPLOYMENT_TARGET = 16.2;
				MTL_ENABLE_DEBUG_INFO = NO;
				MTL_FAST_MATH = YES;
				SDKROOT = iphoneos;
				SWIFT_COMPILATION_MODE = wholemodule;
				SWIFT_OPTIMIZATION_LEVEL = "-O";
				VALIDATE_PRODUCT = YES;
			};
			name = Release;
		};
		AFC528D429A6561100803477 /* Debug */ = {
			isa = XCBuildConfiguration;
			buildSettings = {
				ASSETCATALOG_COMPILER_APPICON_NAME = AppIcon;
				ASSETCATALOG_COMPILER_GLOBAL_ACCENT_COLOR_NAME = AccentColor;
				CODE_SIGN_STYLE = Automatic;
				CURRENT_PROJECT_VERSION = 1;
				DEVELOPMENT_ASSET_PATHS = "\"Listy/Preview Content\"";
				DEVELOPMENT_TEAM = 8X7UVR2M33;
				ENABLE_PREVIEWS = YES;
				GENERATE_INFOPLIST_FILE = YES;
				INFOPLIST_KEY_UIApplicationSceneManifest_Generation = YES;
				INFOPLIST_KEY_UIApplicationSupportsIndirectInputEvents = YES;
				INFOPLIST_KEY_UILaunchScreen_Generation = YES;
				INFOPLIST_KEY_UISupportedInterfaceOrientations_iPad = "UIInterfaceOrientationPortrait UIInterfaceOrientationPortraitUpsideDown UIInterfaceOrientationLandscapeLeft UIInterfaceOrientationLandscapeRight";
				INFOPLIST_KEY_UISupportedInterfaceOrientations_iPhone = "UIInterfaceOrientationPortrait UIInterfaceOrientationLandscapeLeft UIInterfaceOrientationLandscapeRight";
				LD_RUNPATH_SEARCH_PATHS = (
					"$(inherited)",
					"@executable_path/Frameworks",
				);
				MARKETING_VERSION = 1.0;
				PRODUCT_BUNDLE_IDENTIFIER = com.md.Listy;
				PRODUCT_NAME = "$(TARGET_NAME)";
				SWIFT_EMIT_LOC_STRINGS = YES;
				SWIFT_VERSION = 5.0;
				TARGETED_DEVICE_FAMILY = "1,2";
			};
			name = Debug;
		};
		AFC528D529A6561100803477 /* Release */ = {
			isa = XCBuildConfiguration;
			buildSettings = {
				ASSETCATALOG_COMPILER_APPICON_NAME = AppIcon;
				ASSETCATALOG_COMPILER_GLOBAL_ACCENT_COLOR_NAME = AccentColor;
				CODE_SIGN_STYLE = Automatic;
				CURRENT_PROJECT_VERSION = 1;
				DEVELOPMENT_ASSET_PATHS = "\"Listy/Preview Content\"";
				DEVELOPMENT_TEAM = 8X7UVR2M33;
				ENABLE_PREVIEWS = YES;
				GENERATE_INFOPLIST_FILE = YES;
				INFOPLIST_KEY_UIApplicationSceneManifest_Generation = YES;
				INFOPLIST_KEY_UIApplicationSupportsIndirectInputEvents = YES;
				INFOPLIST_KEY_UILaunchScreen_Generation = YES;
				INFOPLIST_KEY_UISupportedInterfaceOrientations_iPad = "UIInterfaceOrientationPortrait UIInterfaceOrientationPortraitUpsideDown UIInterfaceOrientationLandscapeLeft UIInterfaceOrientationLandscapeRight";
				INFOPLIST_KEY_UISupportedInterfaceOrientations_iPhone = "UIInterfaceOrientationPortrait UIInterfaceOrientationLandscapeLeft UIInterfaceOrientationLandscapeRight";
				LD_RUNPATH_SEARCH_PATHS = (
					"$(inherited)",
					"@executable_path/Frameworks",
				);
				MARKETING_VERSION = 1.0;
				PRODUCT_BUNDLE_IDENTIFIER = com.md.Listy;
				PRODUCT_NAME = "$(TARGET_NAME)";
				SWIFT_EMIT_LOC_STRINGS = YES;
				SWIFT_VERSION = 5.0;
				TARGETED_DEVICE_FAMILY = "1,2";
			};
			name = Release;
		};
		AFC528D729A6561100803477 /* Debug */ = {
			isa = XCBuildConfiguration;
			buildSettings = {
				ALWAYS_EMBED_SWIFT_STANDARD_LIBRARIES = YES;
				BUNDLE_LOADER = "$(TEST_HOST)";
				CODE_SIGN_STYLE = Automatic;
				CURRENT_PROJECT_VERSION = 1;
				DEVELOPMENT_TEAM = 8X7UVR2M33;
				GENERATE_INFOPLIST_FILE = YES;
				IPHONEOS_DEPLOYMENT_TARGET = 16.2;
				MARKETING_VERSION = 1.0;
				PRODUCT_BUNDLE_IDENTIFIER = com.md.ListyTests;
				PRODUCT_NAME = "$(TARGET_NAME)";
				SWIFT_EMIT_LOC_STRINGS = NO;
				SWIFT_VERSION = 5.0;
				TARGETED_DEVICE_FAMILY = "1,2";
				TEST_HOST = "$(BUILT_PRODUCTS_DIR)/Listy.app/$(BUNDLE_EXECUTABLE_FOLDER_PATH)/Listy";
			};
			name = Debug;
		};
		AFC528D829A6561100803477 /* Release */ = {
			isa = XCBuildConfiguration;
			buildSettings = {
				ALWAYS_EMBED_SWIFT_STANDARD_LIBRARIES = YES;
				BUNDLE_LOADER = "$(TEST_HOST)";
				CODE_SIGN_STYLE = Automatic;
				CURRENT_PROJECT_VERSION = 1;
				DEVELOPMENT_TEAM = 8X7UVR2M33;
				GENERATE_INFOPLIST_FILE = YES;
				IPHONEOS_DEPLOYMENT_TARGET = 16.2;
				MARKETING_VERSION = 1.0;
				PRODUCT_BUNDLE_IDENTIFIER = com.md.ListyTests;
				PRODUCT_NAME = "$(TARGET_NAME)";
				SWIFT_EMIT_LOC_STRINGS = NO;
				SWIFT_VERSION = 5.0;
				TARGETED_DEVICE_FAMILY = "1,2";
				TEST_HOST = "$(BUILT_PRODUCTS_DIR)/Listy.app/$(BUNDLE_EXECUTABLE_FOLDER_PATH)/Listy";
			};
			name = Release;
		};
		AFC528DA29A6561100803477 /* Debug */ = {
			isa = XCBuildConfiguration;
			buildSettings = {
				ALWAYS_EMBED_SWIFT_STANDARD_LIBRARIES = YES;
				CODE_SIGN_STYLE = Automatic;
				CURRENT_PROJECT_VERSION = 1;
				DEVELOPMENT_TEAM = 8X7UVR2M33;
				GENERATE_INFOPLIST_FILE = YES;
				MARKETING_VERSION = 1.0;
				PRODUCT_BUNDLE_IDENTIFIER = com.md.ListyUITests;
				PRODUCT_NAME = "$(TARGET_NAME)";
				SWIFT_EMIT_LOC_STRINGS = NO;
				SWIFT_VERSION = 5.0;
				TARGETED_DEVICE_FAMILY = "1,2";
				TEST_TARGET_NAME = Listy;
			};
			name = Debug;
		};
		AFC528DB29A6561100803477 /* Release */ = {
			isa = XCBuildConfiguration;
			buildSettings = {
				ALWAYS_EMBED_SWIFT_STANDARD_LIBRARIES = YES;
				CODE_SIGN_STYLE = Automatic;
				CURRENT_PROJECT_VERSION = 1;
				DEVELOPMENT_TEAM = 8X7UVR2M33;
				GENERATE_INFOPLIST_FILE = YES;
				MARKETING_VERSION = 1.0;
				PRODUCT_BUNDLE_IDENTIFIER = com.md.ListyUITests;
				PRODUCT_NAME = "$(TARGET_NAME)";
				SWIFT_EMIT_LOC_STRINGS = NO;
				SWIFT_VERSION = 5.0;
				TARGETED_DEVICE_FAMILY = "1,2";
				TEST_TARGET_NAME = Listy;
			};
			name = Release;
		};
/* End XCBuildConfiguration section */

/* Begin XCConfigurationList section */
		AFC528AA29A6561000803477 /* Build configuration list for PBXProject "Listy" */ = {
			isa = XCConfigurationList;
			buildConfigurations = (
				AFC528D129A6561100803477 /* Debug */,
				AFC528D229A6561100803477 /* Release */,
			);
			defaultConfigurationIsVisible = 0;
			defaultConfigurationName = Release;
		};
		AFC528D329A6561100803477 /* Build configuration list for PBXNativeTarget "Listy" */ = {
			isa = XCConfigurationList;
			buildConfigurations = (
				AFC528D429A6561100803477 /* Debug */,
				AFC528D529A6561100803477 /* Release */,
			);
			defaultConfigurationIsVisible = 0;
			defaultConfigurationName = Release;
		};
		AFC528D629A6561100803477 /* Build configuration list for PBXNativeTarget "ListyTests" */ = {
			isa = XCConfigurationList;
			buildConfigurations = (
				AFC528D729A6561100803477 /* Debug */,
				AFC528D829A6561100803477 /* Release */,
			);
			defaultConfigurationIsVisible = 0;
			defaultConfigurationName = Release;
		};
		AFC528D929A6561100803477 /* Build configuration list for PBXNativeTarget "ListyUITests" */ = {
			isa = XCConfigurationList;
			buildConfigurations = (
				AFC528DA29A6561100803477 /* Debug */,
				AFC528DB29A6561100803477 /* Release */,
			);
			defaultConfigurationIsVisible = 0;
			defaultConfigurationName = Release;
		};
/* End XCConfigurationList section */

/* Begin XCVersionGroup section */
		AFC528DF29A65FB300803477 /* ListyModel.xcdatamodeld */ = {
			isa = XCVersionGroup;
			children = (
				AFC528E029A65FB300803477 /* Listy.xcdatamodel */,
			);
			currentVersion = AFC528E029A65FB300803477 /* Listy.xcdatamodel */;
			path = ListyModel.xcdatamodeld;
			sourceTree = "<group>";
			versionGroupType = wrapper.xcdatamodel;
		};
/* End XCVersionGroup section */
	};
	rootObject = AFC528A729A6561000803477 /* Project object */;
}
